
Microsoft Visual Studio Solution File, Format Version 12.00
# Visual Studio Version 16
VisualStudioVersion = 16.0.30011.22
MinimumVisualStudioVersion = 10.0.40219.1
Project("{9A19103F-16F7-4668-BE54-9A1E7A4F7556}") = "AuthorizationMicroservice.Persistance", "AuthorizationMicroservice.Persistance\AuthorizationMicroservice.Persistance.csproj", "{F917D4A7-D603-4266-9FAD-6A783C518C3F}"
EndProject
Project("{9A19103F-16F7-4668-BE54-9A1E7A4F7556}") = "AuthorizationMicroservice.Domain", "AuthorizationMicroservice.Domain\AuthorizationMicroservice.Domain.csproj", "{DF4B296F-53D4-45C2-8522-8B12835F6BE2}"
EndProject
Project("{9A19103F-16F7-4668-BE54-9A1E7A4F7556}") = "AuthorizationMicroservice.Application", "AuthorizationMicroservice.Application\AuthorizationMicroservice.Application.csproj", "{80414556-1A14-4440-AEC4-B662FFCA33EB}"
EndProject
Project("{9A19103F-16F7-4668-BE54-9A1E7A4F7556}") = "AuthorizationMicroservice.API", "AuthorizationMicroservice.API\AuthorizationMicroservice.API.csproj", "{7BB74699-D043-4DAF-951C-459B1EFB8D19}"
EndProject
Global
	GlobalSection(SolutionConfigurationPlatforms) = preSolution
		Debug|Any CPU = Debug|Any CPU
		Release|Any CPU = Release|Any CPU
	EndGlobalSection
	GlobalSection(ProjectConfigurationPlatforms) = postSolution
		{F917D4A7-D603-4266-9FAD-6A783C518C3F}.Debug|Any CPU.ActiveCfg = Debug|Any CPU
		{F917D4A7-D603-4266-9FAD-6A783C518C3F}.Debug|Any CPU.Build.0 = Debug|Any CPU
		{F917D4A7-D603-4266-9FAD-6A783C518C3F}.Release|Any CPU.ActiveCfg = Release|Any CPU
		{F917D4A7-D603-4266-9FAD-6A783C518C3F}.Release|Any CPU.Build.0 = Release|Any CPU
		{DF4B296F-53D4-45C2-8522-8B12835F6BE2}.Debug|Any CPU.ActiveCfg = Debug|Any CPU
		{DF4B296F-53D4-45C2-8522-8B12835F6BE2}.Debug|Any CPU.Build.0 = Debug|Any CPU
		{DF4B296F-53D4-45C2-8522-8B12835F6BE2}.Release|Any CPU.ActiveCfg = Release|Any CPU
		{DF4B296F-53D4-45C2-8522-8B12835F6BE2}.Release|Any CPU.Build.0 = Release|Any CPU
		{80414556-1A14-4440-AEC4-B662FFCA33EB}.Debug|Any CPU.ActiveCfg = Debug|Any CPU
		{80414556-1A14-4440-AEC4-B662FFCA33EB}.Debug|Any CPU.Build.0 = Debug|Any CPU
		{80414556-1A14-4440-AEC4-B662FFCA33EB}.Release|Any CPU.ActiveCfg = Release|Any CPU
		{80414556-1A14-4440-AEC4-B662FFCA33EB}.Release|Any CPU.Build.0 = Release|Any CPU
		{7BB74699-D043-4DAF-951C-459B1EFB8D19}.Debug|Any CPU.ActiveCfg = Debug|Any CPU
		{7BB74699-D043-4DAF-951C-459B1EFB8D19}.Debug|Any CPU.Build.0 = Debug|Any CPU
		{7BB74699-D043-4DAF-951C-459B1EFB8D19}.Release|Any CPU.ActiveCfg = Release|Any CPU
		{7BB74699-D043-4DAF-951C-459B1EFB8D19}.Release|Any CPU.Build.0 = Release|Any CPU
	EndGlobalSection
	GlobalSection(SolutionProperties) = preSolution
		HideSolutionNode = FALSE
	EndGlobalSection
	GlobalSection(ExtensibilityGlobals) = postSolution
		SolutionGuid = {42E24AEE-150D-4950-8EEA-F02931A4902E}
	EndGlobalSection
EndGlobal
